
Microsoft Visual Studio Solution File, Format Version 12.00
# Visual Studio Version 17
VisualStudioVersion = 17.12.35521.163
MinimumVisualStudioVersion = 10.0.40219.1
Project("{FAE04EC0-301F-11D3-BF4B-00C04F79EFBC}") = "ERP.Web", "ERP.Web\ERP.Web.csproj", "{3788B324-830A-4A4C-9C67-92DDF6D0A90F}"
EndProject
Project("{2150E333-8FDC-42A3-9474-1A3956D46DE8}") = "Elementos de la solución", "Elementos de la solución", "{8965831F-6EB5-485C-8235-A05AC3EDAC34}"
EndProject
Global
	GlobalSection(SolutionConfigurationPlatforms) = preSolution
		Debug|Any CPU = Debug|Any CPU
		Release|Any CPU = Release|Any CPU
	EndGlobalSection
	GlobalSection(ProjectConfigurationPlatforms) = postSolution
		{3788B324-830A-4A4C-9C67-92DDF6D0A90F}.Debug|Any CPU.ActiveCfg = Debug|Any CPU
		{3788B324-830A-4A4C-9C67-92DDF6D0A90F}.Debug|Any CPU.Build.0 = Debug|Any CPU
		{3788B324-830A-4A4C-9C67-92DDF6D0A90F}.Release|Any CPU.ActiveCfg = Release|Any CPU
		{3788B324-830A-4A4C-9C67-92DDF6D0A90F}.Release|Any CPU.Build.0 = Release|Any CPU
	EndGlobalSection
	GlobalSection(SolutionProperties) = preSolution
		HideSolutionNode = FALSE
	EndGlobalSection
	GlobalSection(ExtensibilityGlobals) = postSolution
		SolutionGuid = {81916C82-1A49-4793-BD32-C6D0F3DFA2AB}
	EndGlobalSection
EndGlobal
